
Microsoft Visual Studio Solution File, Format Version 12.00
# Visual Studio 15
Project("{FAE04EC0-301F-11D3-BF4B-00C04F79EFBC}") = "MobileProject.Android", "MobileProject.Android\MobileProject.Android.csproj", "{2482AE3C-E8A6-4AC1-A652-F7E70DC06FF9}"
EndProject
Project("{FAE04EC0-301F-11D3-BF4B-00C04F79EFBC}") = "MobileProject", "MobileProject\MobileProject.csproj", "{44DC2844-A3E3-4B5C-9518-9DC112BF18A1}"
EndProject
Global
	GlobalSection(SolutionConfigurationPlatforms) = preSolution
		Debug|Any CPU = Debug|Any CPU
		Release|Any CPU = Release|Any CPU
		Debug|iPhoneSimulator = Debug|iPhoneSimulator
		Release|iPhoneSimulator = Release|iPhoneSimulator
		Debug|iPhone = Debug|iPhone
		Release|iPhone = Release|iPhone
	EndGlobalSection
	GlobalSection(ProjectConfigurationPlatforms) = postSolution
		{2482AE3C-E8A6-4AC1-A652-F7E70DC06FF9}.Debug|Any CPU.ActiveCfg = Debug|Any CPU
		{2482AE3C-E8A6-4AC1-A652-F7E70DC06FF9}.Debug|Any CPU.Build.0 = Debug|Any CPU
		{2482AE3C-E8A6-4AC1-A652-F7E70DC06FF9}.Release|Any CPU.ActiveCfg = Release|Any CPU
		{2482AE3C-E8A6-4AC1-A652-F7E70DC06FF9}.Release|Any CPU.Build.0 = Release|Any CPU
		{2482AE3C-E8A6-4AC1-A652-F7E70DC06FF9}.Debug|iPhoneSimulator.ActiveCfg = Debug|Any CPU
		{2482AE3C-E8A6-4AC1-A652-F7E70DC06FF9}.Debug|iPhoneSimulator.Build.0 = Debug|Any CPU
		{2482AE3C-E8A6-4AC1-A652-F7E70DC06FF9}.Release|iPhoneSimulator.ActiveCfg = Release|Any CPU
		{2482AE3C-E8A6-4AC1-A652-F7E70DC06FF9}.Release|iPhoneSimulator.Build.0 = Release|Any CPU
		{2482AE3C-E8A6-4AC1-A652-F7E70DC06FF9}.Debug|iPhone.ActiveCfg = Debug|Any CPU
		{2482AE3C-E8A6-4AC1-A652-F7E70DC06FF9}.Debug|iPhone.Build.0 = Debug|Any CPU
		{2482AE3C-E8A6-4AC1-A652-F7E70DC06FF9}.Release|iPhone.ActiveCfg = Release|Any CPU
		{2482AE3C-E8A6-4AC1-A652-F7E70DC06FF9}.Release|iPhone.Build.0 = Release|Any CPU
		{44DC2844-A3E3-4B5C-9518-9DC112BF18A1}.Debug|Any CPU.ActiveCfg = Debug|Any CPU
		{44DC2844-A3E3-4B5C-9518-9DC112BF18A1}.Debug|Any CPU.Build.0 = Debug|Any CPU
		{44DC2844-A3E3-4B5C-9518-9DC112BF18A1}.Release|Any CPU.ActiveCfg = Release|Any CPU
		{44DC2844-A3E3-4B5C-9518-9DC112BF18A1}.Release|Any CPU.Build.0 = Release|Any CPU
		{44DC2844-A3E3-4B5C-9518-9DC112BF18A1}.Debug|iPhoneSimulator.ActiveCfg = Debug|Any CPU
		{44DC2844-A3E3-4B5C-9518-9DC112BF18A1}.Debug|iPhoneSimulator.Build.0 = Debug|Any CPU
		{44DC2844-A3E3-4B5C-9518-9DC112BF18A1}.Release|iPhoneSimulator.ActiveCfg = Release|Any CPU
		{44DC2844-A3E3-4B5C-9518-9DC112BF18A1}.Release|iPhoneSimulator.Build.0 = Release|Any CPU
		{44DC2844-A3E3-4B5C-9518-9DC112BF18A1}.Debug|iPhone.ActiveCfg = Debug|Any CPU
		{44DC2844-A3E3-4B5C-9518-9DC112BF18A1}.Debug|iPhone.Build.0 = Debug|Any CPU
		{44DC2844-A3E3-4B5C-9518-9DC112BF18A1}.Release|iPhone.ActiveCfg = Release|Any CPU
		{44DC2844-A3E3-4B5C-9518-9DC112BF18A1}.Release|iPhone.Build.0 = Release|Any CPU
	EndGlobalSection
EndGlobal
